
Microsoft Visual Studio Solution File, Format Version 12.00
Project("{FAE04EC0-301F-11D3-BF4B-00C04F79EFBC}") = "AnalyticsService", "AnalyticsService\AnalyticsService.csproj", "{D51719C4-6C8C-47C6-B926-281B92C99776}"
EndProject
Global
	GlobalSection(SolutionConfigurationPlatforms) = preSolution
		Debug|Any CPU = Debug|Any CPU
		Release|Any CPU = Release|Any CPU
	EndGlobalSection
	GlobalSection(ProjectConfigurationPlatforms) = postSolution
		{D51719C4-6C8C-47C6-B926-281B92C99776}.Debug|Any CPU.ActiveCfg = Debug|Any CPU
		{D51719C4-6C8C-47C6-B926-281B92C99776}.Debug|Any CPU.Build.0 = Debug|Any CPU
		{D51719C4-6C8C-47C6-B926-281B92C99776}.Release|Any CPU.ActiveCfg = Release|Any CPU
		{D51719C4-6C8C-47C6-B926-281B92C99776}.Release|Any CPU.Build.0 = Release|Any CPU
	EndGlobalSection
EndGlobal
